
Microsoft Visual Studio Solution File, Format Version 12.00
# Visual Studio 15
VisualStudioVersion = 15.0.28307.421
MinimumVisualStudioVersion = 10.0.40219.1
Project("{8BC9CEB8-8B4A-11D0-8D11-00A0C91BC942}") = "Engine", "Engine\Engine.vcxproj", "{FA7C1C79-A535-48CA-AC9F-7A2F0F76DA9E}"
EndProject
Project("{8BC9CEB8-8B4A-11D0-8D11-00A0C91BC942}") = "Game", "Game\Game.vcxproj", "{22C9C3F2-8B02-4B12-B8E2-3E25CE2F8CE1}"
	ProjectSection(ProjectDependencies) = postProject
		{FA7C1C79-A535-48CA-AC9F-7A2F0F76DA9E} = {FA7C1C79-A535-48CA-AC9F-7A2F0F76DA9E}
	EndProjectSection
EndProject
Global
	GlobalSection(SolutionConfigurationPlatforms) = preSolution
		Debug|x64 = Debug|x64
		Debug|x86 = Debug|x86
		Release|x64 = Release|x64
		Release|x86 = Release|x86
	EndGlobalSection
	GlobalSection(ProjectConfigurationPlatforms) = postSolution
		{FA7C1C79-A535-48CA-AC9F-7A2F0F76DA9E}.Debug|x64.ActiveCfg = Debug|x64
		{FA7C1C79-A535-48CA-AC9F-7A2F0F76DA9E}.Debug|x64.Build.0 = Debug|x64
		{FA7C1C79-A535-48CA-AC9F-7A2F0F76DA9E}.Debug|x86.ActiveCfg = Debug|Win32
		{FA7C1C79-A535-48CA-AC9F-7A2F0F76DA9E}.Debug|x86.Build.0 = Debug|Win32
		{FA7C1C79-A535-48CA-AC9F-7A2F0F76DA9E}.Release|x64.ActiveCfg = Release|x64
		{FA7C1C79-A535-48CA-AC9F-7A2F0F76DA9E}.Release|x64.Build.0 = Release|x64
		{FA7C1C79-A535-48CA-AC9F-7A2F0F76DA9E}.Release|x86.ActiveCfg = Release|Win32
		{FA7C1C79-A535-48CA-AC9F-7A2F0F76DA9E}.Release|x86.Build.0 = Release|Win32
		{22C9C3F2-8B02-4B12-B8E2-3E25CE2F8CE1}.Debug|x64.ActiveCfg = Debug|x64
		{22C9C3F2-8B02-4B12-B8E2-3E25CE2F8CE1}.Debug|x64.Build.0 = Debug|x64
		{22C9C3F2-8B02-4B12-B8E2-3E25CE2F8CE1}.Debug|x86.ActiveCfg = Debug|Win32
		{22C9C3F2-8B02-4B12-B8E2-3E25CE2F8CE1}.Debug|x86.Build.0 = Debug|Win32
		{22C9C3F2-8B02-4B12-B8E2-3E25CE2F8CE1}.Release|x64.ActiveCfg = Release|x64
		{22C9C3F2-8B02-4B12-B8E2-3E25CE2F8CE1}.Release|x64.Build.0 = Release|x64
		{22C9C3F2-8B02-4B12-B8E2-3E25CE2F8CE1}.Release|x86.ActiveCfg = Release|Win32
		{22C9C3F2-8B02-4B12-B8E2-3E25CE2F8CE1}.Release|x86.Build.0 = Release|Win32
	EndGlobalSection
	GlobalSection(SolutionProperties) = preSolution
		HideSolutionNode = FALSE
	EndGlobalSection
	GlobalSection(ExtensibilityGlobals) = postSolution
		SolutionGuid = {771CFD99-B363-483A-BED8-B03A3C26E70E}
	EndGlobalSection
EndGlobal
